{
  "name": "pano-controls",
  "version": "1.0.0",
  "lockfileVersion": 1,
  "requires": true,
  "dependencies": {
    "three": {
      "version": "0.105.2",
      "resolved": "https://registry.npmjs.org/three/-/three-0.105.2.tgz",
      "integrity": "sha512-L3Al37k4g3hVbgFFS251UVtIc25chhyN0/RvXzR0C+uIBToV6EKDG+MZzEXm9L2miGUVMK27W46/VkP6WUZXMg=="
    },
    "typescript": {
      "version": "3.5.2",
      "resolved": "https://registry.npmjs.org/typescript/-/typescript-3.5.2.tgz",
      "integrity": "sha512-7KxJovlYhTX5RaRbUdkAXN1KUZ8PwWlTzQdHV6xNqvuFOs7+WBo10TQUqT19Q/Jz2hk5v9TQDIhyLhhJY4p5AA==",
      "dev": true
    }
  }
}
